
Microsoft Visual Studio Solution File, Format Version 12.00
# Visual Studio Version 16
VisualStudioVersion = 16.0.33027.164
MinimumVisualStudioVersion = 10.0.40219.1
Project("{9A19103F-16F7-4668-BE54-9A1E7A4F7556}") = "DatingApp.Server", "DatingApp\Server\DatingApp.Server.csproj", "{D588C20D-8575-48C0-BF86-3B8C25DC04E1}"
EndProject
Project("{9A19103F-16F7-4668-BE54-9A1E7A4F7556}") = "DatingApp.Client", "DatingApp\Client\DatingApp.Client.csproj", "{65DC8162-51E1-49C0-8842-37446D92C1B1}"
EndProject
Project("{9A19103F-16F7-4668-BE54-9A1E7A4F7556}") = "DatingApp.Shared", "DatingApp\Shared\DatingApp.Shared.csproj", "{FD88091C-108D-4027-8D58-67628FBC0F46}"
EndProject
Global
	GlobalSection(SolutionConfigurationPlatforms) = preSolution
		Debug|Any CPU = Debug|Any CPU
		Release|Any CPU = Release|Any CPU
	EndGlobalSection
	GlobalSection(ProjectConfigurationPlatforms) = postSolution
		{D588C20D-8575-48C0-BF86-3B8C25DC04E1}.Debug|Any CPU.ActiveCfg = Debug|Any CPU
		{D588C20D-8575-48C0-BF86-3B8C25DC04E1}.Debug|Any CPU.Build.0 = Debug|Any CPU
		{D588C20D-8575-48C0-BF86-3B8C25DC04E1}.Release|Any CPU.ActiveCfg = Release|Any CPU
		{D588C20D-8575-48C0-BF86-3B8C25DC04E1}.Release|Any CPU.Build.0 = Release|Any CPU
		{65DC8162-51E1-49C0-8842-37446D92C1B1}.Debug|Any CPU.ActiveCfg = Debug|Any CPU
		{65DC8162-51E1-49C0-8842-37446D92C1B1}.Debug|Any CPU.Build.0 = Debug|Any CPU
		{65DC8162-51E1-49C0-8842-37446D92C1B1}.Release|Any CPU.ActiveCfg = Release|Any CPU
		{65DC8162-51E1-49C0-8842-37446D92C1B1}.Release|Any CPU.Build.0 = Release|Any CPU
		{FD88091C-108D-4027-8D58-67628FBC0F46}.Debug|Any CPU.ActiveCfg = Debug|Any CPU
		{FD88091C-108D-4027-8D58-67628FBC0F46}.Debug|Any CPU.Build.0 = Debug|Any CPU
		{FD88091C-108D-4027-8D58-67628FBC0F46}.Release|Any CPU.ActiveCfg = Release|Any CPU
		{FD88091C-108D-4027-8D58-67628FBC0F46}.Release|Any CPU.Build.0 = Release|Any CPU
	EndGlobalSection
	GlobalSection(SolutionProperties) = preSolution
		HideSolutionNode = FALSE
	EndGlobalSection
	GlobalSection(ExtensibilityGlobals) = postSolution
		SolutionGuid = {96BEC7D3-2504-4F46-8AF4-1A606FF2185F}
	EndGlobalSection
EndGlobal
